github.com/brian-armstrong/gpio v0.0.0-20181227042754-72b0058bbbcb h1:VmtJv/dx6i7ze0RWn6iXfRyTEFdgK06+7elSCYec4Fg=
github.com/brian-armstrong/gpio v0.0.0-20181227042754-72b0058bbbcb/go.mod h1:akEYRl6/10JSSoNEyjgoLKKrw1M8+uBh5xsQQzxXvHs=
github.com/jonboulle/clockwork v0.5.0 h1:Hyh9A8u51kptdkR+cqRpT1EebBwTn1oK9YfGYbdFz6I=
github.com/jonboulle/clockwork v0.5.0/go.mod h1:3mZlmanh0g2NDKO5TWZVJAfofYk64M7XN3SzBPjZF60=
github.com/mskrha/rpi-lcd v0.0.0-20201213150335-131bf4c0550a h1:07T1gJ294dF6PPG8vK8zNYxIaLZPg+Qt5bfSSylo82k=
github.com/mskrha/rpi-lcd v0.0.0-20201213150335-131bf4c0550a/go.mod h1:o4rzsvt0LJ+WpdqPh0w5/pmMbLyXAUgrsX2WVeobchA=
github.com/pimvanhespen/go-pi-lcd1602 v0.0.0-20190131141158-a63b4ce9c9e1 h1:agGWkcKuLfapJ1nuVQoqTHKFCPeO85wk5xktO+P8j9Q=
github.com/pimvanhespen/go-pi-lcd1602 v0.0.0-20190131141158-a63b4ce9c9e1/go.mod h1:jkb51sXCSIdPBqpTrtNQwvYW+jA9FcK9BvDtYINtB5U=
github.com/stianeikeland/go-rpio v4.2.0+incompatible h1:CUOlIxdJdT+H1obJPsmg8byu7jMSECLfAN9zynm5QGo=
github.com/stianeikeland/go-rpio v4.2.0+incompatible/go.mod h1:Sh81rdJwD96E2wja2Gd7rrKM+XZ9LrwvN2w4IXrqLR8=
github.com/stianeikeland/go-rpio/v4 v4.6.0 h1:eAJgtw3jTtvn/CqwbC82ntcS+dtzUTgo5qlZKe677EY=
github.com/stianeikeland/go-rpio/v4 v4.6.0/go.mod h1:A3GvHxC1Om5zaId+HqB3HKqx4K/AqeckxB7qRjxMK7o=
golang.org/x/exp v0.0.0-20250106191152-7588d65b2ba8 h1:yqrTHse8TCMW1M1ZCP+VAR/l0kKxwaAIqN/il7x4voA=
golang.org/x/exp v0.0.0-20250106191152-7588d65b2ba8/go.mod h1:tujkw807nyEEAamNbDrEGzRav+ilXA7PCRAd6xsmwiU=
golang.org/x/image v0.23.0 h1:HseQ7c2OpPKTPVzNjG5fwJsOTCiiwS4QdsYi5XU6H68=
golang.org/x/image v0.23.0/go.mod h1:wJJBTdLfCCf3tiHa1fNxpZmUI4mmoZvwMCPP0ddoNKY=
periph.io/x/cmd v0.0.0-20250109192305-4305ecf126e5 h1:m3cdtKWBfkGovtGGe3U1PWr74yedGGKLMincZLEEZHo=
periph.io/x/cmd v0.0.0-20250109192305-4305ecf126e5/go.mod h1:+Okb1ZfmqPpHIXPiTBESKH3zRghJHlwEPMIw0p6GcCg=
periph.io/x/conn v0.0.2 h1:Skl3egL0ON+ihyPojXbX3HIpwESBvt2QsOtZo5fGLVQ=
periph.io/x/conn v0.0.2/go.mod h1:paVTwhQZmaB+bcf/7ItVj50T3otXX9s9Sz3AiiY38oI=
periph.io/x/conn/v3 v3.7.1 h1:tMjNv3WO8jEz/ePuXl7y++2zYi8LsQ5otbmqGKy3Myg=
periph.io/x/conn/v3 v3.7.1/go.mod h1:c+HCVjkzbf09XzcqZu/t+U8Ss/2QuJj0jgRF6Nye838=
periph.io/x/d2xx v0.1.1 h1:LHp+u+qAWLB5THrTT/AzyjdvfUhllvDF5wBJP7uvn+U=
periph.io/x/d2xx v0.1.1/go.mod h1:rLM321G11Fc14Pp088khBkmXb70Pxx/kCPaIK7uRUBc=
periph.io/x/devices v0.0.1 h1:ABF2n9GBl2C0Hyp0iyZzE/QcunyTKf1GTIOqSRwwEVI=
periph.io/x/devices v0.0.1/go.mod h1:NiiRo2MvZvvanxPUycXhTjcxAggGE5NTD/JIYaT6R9k=
periph.io/x/devices/v3 v3.7.3 h1:N/mTFOwDoelfrPgVvN/6ZNCM++ym6GUYBMaTlh3ljKI=
periph.io/x/devices/v3 v3.7.3/go.mod h1:y1T7FtIcs8nYQZG2a8wglb8APSOH+UHZIsh19EBjsqc=
periph.io/x/host/v3 v3.8.3 h1:v90ozCFDWgEyfNElZ+JnOvq0jAdW0vmgjCUy8dYXDds=
periph.io/x/host/v3 v3.8.3/go.mod h1:uKrIpfXjELwHkwGBNe6aos//XiQ/3uxDa1P2BmLV6Ok=
periph.io/x/periph v3.7.0+incompatible h1:AmDn8VldVNKpKjlDB9PX9ZlWINLMvxgc3kJT3IgZbiM=
periph.io/x/periph v3.7.0+incompatible/go.mod h1:EWr+FCIU2dBWz5/wSWeiIUJTriYv9v2j2ENBmgYyy7Y=
